
Microsoft Visual Studio Solution File, Format Version 12.00
# Visual Studio 14
VisualStudioVersion = 14.0.25420.1
MinimumVisualStudioVersion = 10.0.40219.1
Project("{E24C65DC-7377-472B-9ABA-BC803B73C61A}") = "js的解析与执行过程", "js的解析与执行过程\", "{7884A5F2-DEF4-4E0D-ADFB-62E2E1F08247}"
	ProjectSection(WebsiteProperties) = preProject
		TargetFrameworkMoniker = ".NETFramework,Version%3Dv4.5.2"
		Debug.AspNetCompiler.VirtualPath = "/localhost_9825"
		Debug.AspNetCompiler.PhysicalPath = "js的解析与执行过程\"
		Debug.AspNetCompiler.TargetPath = "PrecompiledWeb\localhost_9825\"
		Debug.AspNetCompiler.Updateable = "true"
		Debug.AspNetCompiler.ForceOverwrite = "true"
		Debug.AspNetCompiler.FixedNames = "false"
		Debug.AspNetCompiler.Debug = "True"
		Release.AspNetCompiler.VirtualPath = "/localhost_9825"
		Release.AspNetCompiler.PhysicalPath = "js的解析与执行过程\"
		Release.AspNetCompiler.TargetPath = "PrecompiledWeb\localhost_9825\"
		Release.AspNetCompiler.Updateable = "true"
		Release.AspNetCompiler.ForceOverwrite = "true"
		Release.AspNetCompiler.FixedNames = "false"
		Release.AspNetCompiler.Debug = "False"
		VWDPort = "9825"
		DefaultWebSiteLanguage = "Visual C#"
	EndProjectSection
EndProject
Project("{E24C65DC-7377-472B-9ABA-BC803B73C61A}") = "作用域", "作用域\", "{5A5F970E-65A5-41E8-B005-3D4376CE6605}"
	ProjectSection(WebsiteProperties) = preProject
		TargetFrameworkMoniker = ".NETFramework,Version%3Dv4.5.2"
		Debug.AspNetCompiler.VirtualPath = "/localhost_21692"
		Debug.AspNetCompiler.PhysicalPath = "作用域\"
		Debug.AspNetCompiler.TargetPath = "PrecompiledWeb\localhost_21692\"
		Debug.AspNetCompiler.Updateable = "true"
		Debug.AspNetCompiler.ForceOverwrite = "true"
		Debug.AspNetCompiler.FixedNames = "false"
		Debug.AspNetCompiler.Debug = "True"
		Release.AspNetCompiler.VirtualPath = "/localhost_21692"
		Release.AspNetCompiler.PhysicalPath = "作用域\"
		Release.AspNetCompiler.TargetPath = "PrecompiledWeb\localhost_21692\"
		Release.AspNetCompiler.Updateable = "true"
		Release.AspNetCompiler.ForceOverwrite = "true"
		Release.AspNetCompiler.FixedNames = "false"
		Release.AspNetCompiler.Debug = "False"
		VWDPort = "21692"
		DefaultWebSiteLanguage = "Visual C#"
	EndProjectSection
EndProject
Project("{E24C65DC-7377-472B-9ABA-BC803B73C61A}") = "闭包", "闭包\", "{CE999985-BDB7-4360-9D45-5F1DC6DD51E6}"
	ProjectSection(WebsiteProperties) = preProject
		TargetFrameworkMoniker = ".NETFramework,Version%3Dv4.5.2"
		Debug.AspNetCompiler.VirtualPath = "/localhost_9884"
		Debug.AspNetCompiler.PhysicalPath = "闭包\"
		Debug.AspNetCompiler.TargetPath = "PrecompiledWeb\localhost_9884\"
		Debug.AspNetCompiler.Updateable = "true"
		Debug.AspNetCompiler.ForceOverwrite = "true"
		Debug.AspNetCompiler.FixedNames = "false"
		Debug.AspNetCompiler.Debug = "True"
		Release.AspNetCompiler.VirtualPath = "/localhost_9884"
		Release.AspNetCompiler.PhysicalPath = "闭包\"
		Release.AspNetCompiler.TargetPath = "PrecompiledWeb\localhost_9884\"
		Release.AspNetCompiler.Updateable = "true"
		Release.AspNetCompiler.ForceOverwrite = "true"
		Release.AspNetCompiler.FixedNames = "false"
		Release.AspNetCompiler.Debug = "False"
		VWDPort = "9884"
		DefaultWebSiteLanguage = "Visual C#"
	EndProjectSection
EndProject
Project("{E24C65DC-7377-472B-9ABA-BC803B73C61A}") = "对象", "对象\", "{D8A540FC-8210-413B-8358-9DD2E8A20EBC}"
	ProjectSection(WebsiteProperties) = preProject
		TargetFrameworkMoniker = ".NETFramework,Version%3Dv4.5.2"
		Debug.AspNetCompiler.VirtualPath = "/localhost_32040"
		Debug.AspNetCompiler.PhysicalPath = "对象\"
		Debug.AspNetCompiler.TargetPath = "PrecompiledWeb\localhost_32040\"
		Debug.AspNetCompiler.Updateable = "true"
		Debug.AspNetCompiler.ForceOverwrite = "true"
		Debug.AspNetCompiler.FixedNames = "false"
		Debug.AspNetCompiler.Debug = "True"
		Release.AspNetCompiler.VirtualPath = "/localhost_32040"
		Release.AspNetCompiler.PhysicalPath = "对象\"
		Release.AspNetCompiler.TargetPath = "PrecompiledWeb\localhost_32040\"
		Release.AspNetCompiler.Updateable = "true"
		Release.AspNetCompiler.ForceOverwrite = "true"
		Release.AspNetCompiler.FixedNames = "false"
		Release.AspNetCompiler.Debug = "False"
		VWDPort = "32040"
		DefaultWebSiteLanguage = "Visual C#"
	EndProjectSection
EndProject
Global
	GlobalSection(SolutionConfigurationPlatforms) = preSolution
		Debug|Any CPU = Debug|Any CPU
	EndGlobalSection
	GlobalSection(ProjectConfigurationPlatforms) = postSolution
		{7884A5F2-DEF4-4E0D-ADFB-62E2E1F08247}.Debug|Any CPU.ActiveCfg = Debug|Any CPU
		{7884A5F2-DEF4-4E0D-ADFB-62E2E1F08247}.Debug|Any CPU.Build.0 = Debug|Any CPU
		{5A5F970E-65A5-41E8-B005-3D4376CE6605}.Debug|Any CPU.ActiveCfg = Debug|Any CPU
		{5A5F970E-65A5-41E8-B005-3D4376CE6605}.Debug|Any CPU.Build.0 = Debug|Any CPU
		{CE999985-BDB7-4360-9D45-5F1DC6DD51E6}.Debug|Any CPU.ActiveCfg = Debug|Any CPU
		{CE999985-BDB7-4360-9D45-5F1DC6DD51E6}.Debug|Any CPU.Build.0 = Debug|Any CPU
		{D8A540FC-8210-413B-8358-9DD2E8A20EBC}.Debug|Any CPU.ActiveCfg = Debug|Any CPU
		{D8A540FC-8210-413B-8358-9DD2E8A20EBC}.Debug|Any CPU.Build.0 = Debug|Any CPU
	EndGlobalSection
	GlobalSection(SolutionProperties) = preSolution
		HideSolutionNode = FALSE
	EndGlobalSection
EndGlobal
