
Microsoft Visual Studio Solution File, Format Version 12.00
# Visual Studio 14
VisualStudioVersion = 14.0.25420.1
MinimumVisualStudioVersion = 10.0.40219.1
Project("{E24C65DC-7377-472B-9ABA-BC803B73C61A}") = "变量和数据类型", "变量和数据类型\", "{B9B0BFF2-D8BF-40CC-9B82-DD02389B0941}"
	ProjectSection(WebsiteProperties) = preProject
		TargetFrameworkMoniker = ".NETFramework,Version%3Dv4.5.2"
		Debug.AspNetCompiler.VirtualPath = "/localhost_15853"
		Debug.AspNetCompiler.PhysicalPath = "变量和数据类型\"
		Debug.AspNetCompiler.TargetPath = "PrecompiledWeb\localhost_15853\"
		Debug.AspNetCompiler.Updateable = "true"
		Debug.AspNetCompiler.ForceOverwrite = "true"
		Debug.AspNetCompiler.FixedNames = "false"
		Debug.AspNetCompiler.Debug = "True"
		Release.AspNetCompiler.VirtualPath = "/localhost_15853"
		Release.AspNetCompiler.PhysicalPath = "变量和数据类型\"
		Release.AspNetCompiler.TargetPath = "PrecompiledWeb\localhost_15853\"
		Release.AspNetCompiler.Updateable = "true"
		Release.AspNetCompiler.ForceOverwrite = "true"
		Release.AspNetCompiler.FixedNames = "false"
		Release.AspNetCompiler.Debug = "False"
		VWDPort = "15853"
		SlnRelativePath = "变量和数据类型\"
		DefaultWebSiteLanguage = "Visual C#"
	EndProjectSection
EndProject
Project("{E24C65DC-7377-472B-9ABA-BC803B73C61A}") = "类型转换", "类型转换\", "{FEEEB33F-63EB-4A3A-875E-C89A8A70E0BB}"
	ProjectSection(WebsiteProperties) = preProject
		TargetFrameworkMoniker = ".NETFramework,Version%3Dv4.5.2"
		Debug.AspNetCompiler.VirtualPath = "/localhost_9300"
		Debug.AspNetCompiler.PhysicalPath = "类型转换\"
		Debug.AspNetCompiler.TargetPath = "PrecompiledWeb\localhost_9300\"
		Debug.AspNetCompiler.Updateable = "true"
		Debug.AspNetCompiler.ForceOverwrite = "true"
		Debug.AspNetCompiler.FixedNames = "false"
		Debug.AspNetCompiler.Debug = "True"
		Release.AspNetCompiler.VirtualPath = "/localhost_9300"
		Release.AspNetCompiler.PhysicalPath = "类型转换\"
		Release.AspNetCompiler.TargetPath = "PrecompiledWeb\localhost_9300\"
		Release.AspNetCompiler.Updateable = "true"
		Release.AspNetCompiler.ForceOverwrite = "true"
		Release.AspNetCompiler.FixedNames = "false"
		Release.AspNetCompiler.Debug = "False"
		VWDPort = "9300"
		SlnRelativePath = "类型转换\"
		DefaultWebSiteLanguage = "Visual C#"
	EndProjectSection
EndProject
Project("{E24C65DC-7377-472B-9ABA-BC803B73C61A}") = "表达式和运算符", "表达式和运算符\", "{74F2A446-7022-4CD8-A7D2-DCAD64FA431D}"
	ProjectSection(WebsiteProperties) = preProject
		TargetFrameworkMoniker = ".NETFramework,Version%3Dv4.5.2"
		Debug.AspNetCompiler.VirtualPath = "/localhost_12811"
		Debug.AspNetCompiler.PhysicalPath = "表达式和运算符\"
		Debug.AspNetCompiler.TargetPath = "PrecompiledWeb\localhost_12811\"
		Debug.AspNetCompiler.Updateable = "true"
		Debug.AspNetCompiler.ForceOverwrite = "true"
		Debug.AspNetCompiler.FixedNames = "false"
		Debug.AspNetCompiler.Debug = "True"
		Release.AspNetCompiler.VirtualPath = "/localhost_12811"
		Release.AspNetCompiler.PhysicalPath = "表达式和运算符\"
		Release.AspNetCompiler.TargetPath = "PrecompiledWeb\localhost_12811\"
		Release.AspNetCompiler.Updateable = "true"
		Release.AspNetCompiler.ForceOverwrite = "true"
		Release.AspNetCompiler.FixedNames = "false"
		Release.AspNetCompiler.Debug = "False"
		VWDPort = "12811"
		SlnRelativePath = "表达式和运算符\"
		DefaultWebSiteLanguage = "Visual C#"
	EndProjectSection
EndProject
Project("{E24C65DC-7377-472B-9ABA-BC803B73C61A}") = "流程控制", "流程控制\", "{C08F3DB2-A944-44A0-94F5-B0AD9853CB92}"
	ProjectSection(WebsiteProperties) = preProject
		TargetFrameworkMoniker = ".NETFramework,Version%3Dv4.5.2"
		Debug.AspNetCompiler.VirtualPath = "/localhost_20923"
		Debug.AspNetCompiler.PhysicalPath = "流程控制\"
		Debug.AspNetCompiler.TargetPath = "PrecompiledWeb\localhost_20923\"
		Debug.AspNetCompiler.Updateable = "true"
		Debug.AspNetCompiler.ForceOverwrite = "true"
		Debug.AspNetCompiler.FixedNames = "false"
		Debug.AspNetCompiler.Debug = "True"
		Release.AspNetCompiler.VirtualPath = "/localhost_20923"
		Release.AspNetCompiler.PhysicalPath = "流程控制\"
		Release.AspNetCompiler.TargetPath = "PrecompiledWeb\localhost_20923\"
		Release.AspNetCompiler.Updateable = "true"
		Release.AspNetCompiler.ForceOverwrite = "true"
		Release.AspNetCompiler.FixedNames = "false"
		Release.AspNetCompiler.Debug = "False"
		VWDPort = "20923"
		DefaultWebSiteLanguage = "Visual C#"
	EndProjectSection
EndProject
Global
	GlobalSection(SolutionConfigurationPlatforms) = preSolution
		Debug|Any CPU = Debug|Any CPU
	EndGlobalSection
	GlobalSection(ProjectConfigurationPlatforms) = postSolution
		{B9B0BFF2-D8BF-40CC-9B82-DD02389B0941}.Debug|Any CPU.ActiveCfg = Debug|Any CPU
		{B9B0BFF2-D8BF-40CC-9B82-DD02389B0941}.Debug|Any CPU.Build.0 = Debug|Any CPU
		{FEEEB33F-63EB-4A3A-875E-C89A8A70E0BB}.Debug|Any CPU.ActiveCfg = Debug|Any CPU
		{FEEEB33F-63EB-4A3A-875E-C89A8A70E0BB}.Debug|Any CPU.Build.0 = Debug|Any CPU
		{74F2A446-7022-4CD8-A7D2-DCAD64FA431D}.Debug|Any CPU.ActiveCfg = Debug|Any CPU
		{74F2A446-7022-4CD8-A7D2-DCAD64FA431D}.Debug|Any CPU.Build.0 = Debug|Any CPU
		{C08F3DB2-A944-44A0-94F5-B0AD9853CB92}.Debug|Any CPU.ActiveCfg = Debug|Any CPU
		{C08F3DB2-A944-44A0-94F5-B0AD9853CB92}.Debug|Any CPU.Build.0 = Debug|Any CPU
	EndGlobalSection
	GlobalSection(SolutionProperties) = preSolution
		HideSolutionNode = FALSE
	EndGlobalSection
EndGlobal
