
Microsoft Visual Studio Solution File, Format Version 12.00
# Visual Studio 14
VisualStudioVersion = 14.0.25420.1
MinimumVisualStudioVersion = 10.0.40219.1
Project("{E24C65DC-7377-472B-9ABA-BC803B73C61A}") = "01.标签", "01.标签\", "{A079C1E8-479D-4113-A8D4-4F01FF316762}"
	ProjectSection(WebsiteProperties) = preProject
		TargetFrameworkMoniker = ".NETFramework,Version%3Dv4.5.2"
		Debug.AspNetCompiler.VirtualPath = "/localhost_8636"
		Debug.AspNetCompiler.PhysicalPath = "01.标签\"
		Debug.AspNetCompiler.TargetPath = "PrecompiledWeb\localhost_8636\"
		Debug.AspNetCompiler.Updateable = "true"
		Debug.AspNetCompiler.ForceOverwrite = "true"
		Debug.AspNetCompiler.FixedNames = "false"
		Debug.AspNetCompiler.Debug = "True"
		Release.AspNetCompiler.VirtualPath = "/localhost_8636"
		Release.AspNetCompiler.PhysicalPath = "01.标签\"
		Release.AspNetCompiler.TargetPath = "PrecompiledWeb\localhost_8636\"
		Release.AspNetCompiler.Updateable = "true"
		Release.AspNetCompiler.ForceOverwrite = "true"
		Release.AspNetCompiler.FixedNames = "false"
		Release.AspNetCompiler.Debug = "False"
		VWDPort = "8636"
		DefaultWebSiteLanguage = "Visual C#"
	EndProjectSection
EndProject
Project("{E24C65DC-7377-472B-9ABA-BC803B73C61A}") = "02.表单", "02.表单\", "{F0E8DF55-A978-4F46-B6A7-7392A5D43A69}"
	ProjectSection(WebsiteProperties) = preProject
		TargetFrameworkMoniker = ".NETFramework,Version%3Dv4.5.2"
		Debug.AspNetCompiler.VirtualPath = "/localhost_9534"
		Debug.AspNetCompiler.PhysicalPath = "02.表单\"
		Debug.AspNetCompiler.TargetPath = "PrecompiledWeb\localhost_9534\"
		Debug.AspNetCompiler.Updateable = "true"
		Debug.AspNetCompiler.ForceOverwrite = "true"
		Debug.AspNetCompiler.FixedNames = "false"
		Debug.AspNetCompiler.Debug = "True"
		Release.AspNetCompiler.VirtualPath = "/localhost_9534"
		Release.AspNetCompiler.PhysicalPath = "02.表单\"
		Release.AspNetCompiler.TargetPath = "PrecompiledWeb\localhost_9534\"
		Release.AspNetCompiler.Updateable = "true"
		Release.AspNetCompiler.ForceOverwrite = "true"
		Release.AspNetCompiler.FixedNames = "false"
		Release.AspNetCompiler.Debug = "False"
		VWDPort = "9534"
		DefaultWebSiteLanguage = "Visual C#"
	EndProjectSection
EndProject
Project("{E24C65DC-7377-472B-9ABA-BC803B73C61A}") = "03.绘画", "03.绘画\", "{D3A97C56-610E-43AE-A924-BAA95D064D69}"
	ProjectSection(WebsiteProperties) = preProject
		TargetFrameworkMoniker = ".NETFramework,Version%3Dv4.5.2"
		Debug.AspNetCompiler.VirtualPath = "/localhost_15989"
		Debug.AspNetCompiler.PhysicalPath = "03.绘画\"
		Debug.AspNetCompiler.TargetPath = "PrecompiledWeb\localhost_15989\"
		Debug.AspNetCompiler.Updateable = "true"
		Debug.AspNetCompiler.ForceOverwrite = "true"
		Debug.AspNetCompiler.FixedNames = "false"
		Debug.AspNetCompiler.Debug = "True"
		Release.AspNetCompiler.VirtualPath = "/localhost_15989"
		Release.AspNetCompiler.PhysicalPath = "03.绘画\"
		Release.AspNetCompiler.TargetPath = "PrecompiledWeb\localhost_15989\"
		Release.AspNetCompiler.Updateable = "true"
		Release.AspNetCompiler.ForceOverwrite = "true"
		Release.AspNetCompiler.FixedNames = "false"
		Release.AspNetCompiler.Debug = "False"
		VWDPort = "15989"
		DefaultWebSiteLanguage = "Visual C#"
	EndProjectSection
EndProject
Global
	GlobalSection(SolutionConfigurationPlatforms) = preSolution
		Debug|Any CPU = Debug|Any CPU
	EndGlobalSection
	GlobalSection(ProjectConfigurationPlatforms) = postSolution
		{A079C1E8-479D-4113-A8D4-4F01FF316762}.Debug|Any CPU.ActiveCfg = Debug|Any CPU
		{A079C1E8-479D-4113-A8D4-4F01FF316762}.Debug|Any CPU.Build.0 = Debug|Any CPU
		{F0E8DF55-A978-4F46-B6A7-7392A5D43A69}.Debug|Any CPU.ActiveCfg = Debug|Any CPU
		{F0E8DF55-A978-4F46-B6A7-7392A5D43A69}.Debug|Any CPU.Build.0 = Debug|Any CPU
		{D3A97C56-610E-43AE-A924-BAA95D064D69}.Debug|Any CPU.ActiveCfg = Debug|Any CPU
		{D3A97C56-610E-43AE-A924-BAA95D064D69}.Debug|Any CPU.Build.0 = Debug|Any CPU
	EndGlobalSection
	GlobalSection(SolutionProperties) = preSolution
		HideSolutionNode = FALSE
	EndGlobalSection
EndGlobal
