
Microsoft Visual Studio Solution File, Format Version 12.00
# Visual Studio 15
VisualStudioVersion = 15.0.26730.12
MinimumVisualStudioVersion = 10.0.40219.1
Project("{E24C65DC-7377-472B-9ABA-BC803B73C61A}") = "01.NodeJS的介绍", "01.NodeJS的介绍\", "{822336C6-9419-45E6-90B3-D5FF2AF885B0}"
	ProjectSection(WebsiteProperties) = preProject
		TargetFrameworkMoniker = ".NETFramework,Version%3Dv4.6.1"
		Debug.AspNetCompiler.VirtualPath = "/localhost_6844"
		Debug.AspNetCompiler.PhysicalPath = "01.NodeJS的介绍\"
		Debug.AspNetCompiler.TargetPath = "PrecompiledWeb\localhost_6844\"
		Debug.AspNetCompiler.Updateable = "true"
		Debug.AspNetCompiler.ForceOverwrite = "true"
		Debug.AspNetCompiler.FixedNames = "false"
		Debug.AspNetCompiler.Debug = "True"
		Release.AspNetCompiler.VirtualPath = "/localhost_6844"
		Release.AspNetCompiler.PhysicalPath = "01.NodeJS的介绍\"
		Release.AspNetCompiler.TargetPath = "PrecompiledWeb\localhost_6844\"
		Release.AspNetCompiler.Updateable = "true"
		Release.AspNetCompiler.ForceOverwrite = "true"
		Release.AspNetCompiler.FixedNames = "false"
		Release.AspNetCompiler.Debug = "False"
		VWDPort = "6844"
		SlnRelativePath = "01.NodeJS的介绍\"
		DefaultWebSiteLanguage = "Visual C#"
	EndProjectSection
EndProject
Project("{9092AA53-FB77-4645-B42D-1CCCA6BD08BD}") = "02.模块系统", "02.模块系统\02.模块系统.njsproj", "{6BCA35A1-A8E1-44FC-B0C3-6BBF7BFA4B12}"
EndProject
Project("{9092AA53-FB77-4645-B42D-1CCCA6BD08BD}") = "03.模块化开发", "03.模块化开发\03.模块化开发.njsproj", "{353072EE-0AF0-4B1C-A0F6-2FB2CB5F4E4D}"
EndProject
Project("{9092AA53-FB77-4645-B42D-1CCCA6BD08BD}") = "04.路径", "04.路径\04.路径.njsproj", "{48B48143-7FFC-47AB-8D21-39AE093A5153}"
EndProject
Project("{9092AA53-FB77-4645-B42D-1CCCA6BD08BD}") = "05.接收表单数据", "05.接收表单数据\05.接收表单数据.njsproj", "{A47EF7C7-A79E-43DE-9A5B-820595D9F880}"
EndProject
Project("{9092AA53-FB77-4645-B42D-1CCCA6BD08BD}") = "06.文件上传", "06.文件上传\06.文件上传.njsproj", "{806973A6-3939-4803-A41C-DABE4391E8F4}"
EndProject
Project("{9092AA53-FB77-4645-B42D-1CCCA6BD08BD}") = "07.express之路由", "07.express之路由\07.express之路由.njsproj", "{5D258520-543B-4F31-8509-89AD925289B3}"
EndProject
Global
	GlobalSection(SolutionConfigurationPlatforms) = preSolution
		Debug|Any CPU = Debug|Any CPU
		Release|Any CPU = Release|Any CPU
	EndGlobalSection
	GlobalSection(ProjectConfigurationPlatforms) = postSolution
		{822336C6-9419-45E6-90B3-D5FF2AF885B0}.Debug|Any CPU.ActiveCfg = Debug|Any CPU
		{822336C6-9419-45E6-90B3-D5FF2AF885B0}.Debug|Any CPU.Build.0 = Debug|Any CPU
		{822336C6-9419-45E6-90B3-D5FF2AF885B0}.Release|Any CPU.ActiveCfg = Debug|Any CPU
		{822336C6-9419-45E6-90B3-D5FF2AF885B0}.Release|Any CPU.Build.0 = Debug|Any CPU
		{6BCA35A1-A8E1-44FC-B0C3-6BBF7BFA4B12}.Debug|Any CPU.ActiveCfg = Debug|Any CPU
		{6BCA35A1-A8E1-44FC-B0C3-6BBF7BFA4B12}.Debug|Any CPU.Build.0 = Debug|Any CPU
		{6BCA35A1-A8E1-44FC-B0C3-6BBF7BFA4B12}.Release|Any CPU.ActiveCfg = Release|Any CPU
		{6BCA35A1-A8E1-44FC-B0C3-6BBF7BFA4B12}.Release|Any CPU.Build.0 = Release|Any CPU
		{353072EE-0AF0-4B1C-A0F6-2FB2CB5F4E4D}.Debug|Any CPU.ActiveCfg = Debug|Any CPU
		{353072EE-0AF0-4B1C-A0F6-2FB2CB5F4E4D}.Debug|Any CPU.Build.0 = Debug|Any CPU
		{353072EE-0AF0-4B1C-A0F6-2FB2CB5F4E4D}.Release|Any CPU.ActiveCfg = Release|Any CPU
		{353072EE-0AF0-4B1C-A0F6-2FB2CB5F4E4D}.Release|Any CPU.Build.0 = Release|Any CPU
		{48B48143-7FFC-47AB-8D21-39AE093A5153}.Debug|Any CPU.ActiveCfg = Debug|Any CPU
		{48B48143-7FFC-47AB-8D21-39AE093A5153}.Debug|Any CPU.Build.0 = Debug|Any CPU
		{48B48143-7FFC-47AB-8D21-39AE093A5153}.Release|Any CPU.ActiveCfg = Release|Any CPU
		{48B48143-7FFC-47AB-8D21-39AE093A5153}.Release|Any CPU.Build.0 = Release|Any CPU
		{A47EF7C7-A79E-43DE-9A5B-820595D9F880}.Debug|Any CPU.ActiveCfg = Debug|Any CPU
		{A47EF7C7-A79E-43DE-9A5B-820595D9F880}.Debug|Any CPU.Build.0 = Debug|Any CPU
		{A47EF7C7-A79E-43DE-9A5B-820595D9F880}.Release|Any CPU.ActiveCfg = Release|Any CPU
		{A47EF7C7-A79E-43DE-9A5B-820595D9F880}.Release|Any CPU.Build.0 = Release|Any CPU
		{806973A6-3939-4803-A41C-DABE4391E8F4}.Debug|Any CPU.ActiveCfg = Debug|Any CPU
		{806973A6-3939-4803-A41C-DABE4391E8F4}.Debug|Any CPU.Build.0 = Debug|Any CPU
		{806973A6-3939-4803-A41C-DABE4391E8F4}.Release|Any CPU.ActiveCfg = Release|Any CPU
		{806973A6-3939-4803-A41C-DABE4391E8F4}.Release|Any CPU.Build.0 = Release|Any CPU
		{5D258520-543B-4F31-8509-89AD925289B3}.Debug|Any CPU.ActiveCfg = Debug|Any CPU
		{5D258520-543B-4F31-8509-89AD925289B3}.Debug|Any CPU.Build.0 = Debug|Any CPU
		{5D258520-543B-4F31-8509-89AD925289B3}.Release|Any CPU.ActiveCfg = Release|Any CPU
		{5D258520-543B-4F31-8509-89AD925289B3}.Release|Any CPU.Build.0 = Release|Any CPU
	EndGlobalSection
	GlobalSection(SolutionProperties) = preSolution
		HideSolutionNode = FALSE
	EndGlobalSection
	GlobalSection(ExtensibilityGlobals) = postSolution
		SolutionGuid = {61220868-2D5E-424E-B72F-5C9FE01E516C}
	EndGlobalSection
EndGlobal
