
Microsoft Visual Studio Solution File, Format Version 12.00
# Visual Studio 14
VisualStudioVersion = 14.0.25420.1
MinimumVisualStudioVersion = 10.0.40219.1
Project("{E24C65DC-7377-472B-9ABA-BC803B73C61A}") = "01.第一个例子", "01.第一个例子\", "{4577238A-D770-4DF4-98B1-C1250071C9C5}"
	ProjectSection(WebsiteProperties) = preProject
		TargetFrameworkMoniker = ".NETFramework,Version%3Dv4.5.2"
		Debug.AspNetCompiler.VirtualPath = "/localhost_9995"
		Debug.AspNetCompiler.PhysicalPath = "01.第一个例子\"
		Debug.AspNetCompiler.TargetPath = "PrecompiledWeb\localhost_9995\"
		Debug.AspNetCompiler.Updateable = "true"
		Debug.AspNetCompiler.ForceOverwrite = "true"
		Debug.AspNetCompiler.FixedNames = "false"
		Debug.AspNetCompiler.Debug = "True"
		Release.AspNetCompiler.VirtualPath = "/localhost_9995"
		Release.AspNetCompiler.PhysicalPath = "01.第一个例子\"
		Release.AspNetCompiler.TargetPath = "PrecompiledWeb\localhost_9995\"
		Release.AspNetCompiler.Updateable = "true"
		Release.AspNetCompiler.ForceOverwrite = "true"
		Release.AspNetCompiler.FixedNames = "false"
		Release.AspNetCompiler.Debug = "False"
		VWDPort = "9995"
		SlnRelativePath = "01.第一个例子\"
		DefaultWebSiteLanguage = "Visual C#"
	EndProjectSection
EndProject
Project("{E24C65DC-7377-472B-9ABA-BC803B73C61A}") = "03.$scope使用", "03.$scope使用\", "{7FCC13EF-F3B7-47AE-94D5-E5C00792AB5D}"
	ProjectSection(WebsiteProperties) = preProject
		TargetFrameworkMoniker = ".NETFramework,Version%3Dv4.5.2"
		Debug.AspNetCompiler.VirtualPath = "/localhost_10706"
		Debug.AspNetCompiler.PhysicalPath = "03.$scope使用\"
		Debug.AspNetCompiler.TargetPath = "PrecompiledWeb\localhost_10706\"
		Debug.AspNetCompiler.Updateable = "true"
		Debug.AspNetCompiler.ForceOverwrite = "true"
		Debug.AspNetCompiler.FixedNames = "false"
		Debug.AspNetCompiler.Debug = "True"
		Release.AspNetCompiler.VirtualPath = "/localhost_10706"
		Release.AspNetCompiler.PhysicalPath = "03.$scope使用\"
		Release.AspNetCompiler.TargetPath = "PrecompiledWeb\localhost_10706\"
		Release.AspNetCompiler.Updateable = "true"
		Release.AspNetCompiler.ForceOverwrite = "true"
		Release.AspNetCompiler.FixedNames = "false"
		Release.AspNetCompiler.Debug = "False"
		VWDPort = "10706"
		SlnRelativePath = "03.$scope使用\"
		DefaultWebSiteLanguage = "Visual C#"
	EndProjectSection
EndProject
Project("{E24C65DC-7377-472B-9ABA-BC803B73C61A}") = "04.ng-cloak解决闪屏", "04.ng-cloak解决闪屏\", "{8337D4BD-4FB7-4D30-9575-7818262FC189}"
	ProjectSection(WebsiteProperties) = preProject
		TargetFrameworkMoniker = ".NETFramework,Version%3Dv4.5.2"
		Debug.AspNetCompiler.VirtualPath = "/localhost_16267"
		Debug.AspNetCompiler.PhysicalPath = "04.ng-cloak解决闪屏\"
		Debug.AspNetCompiler.TargetPath = "PrecompiledWeb\localhost_16267\"
		Debug.AspNetCompiler.Updateable = "true"
		Debug.AspNetCompiler.ForceOverwrite = "true"
		Debug.AspNetCompiler.FixedNames = "false"
		Debug.AspNetCompiler.Debug = "True"
		Release.AspNetCompiler.VirtualPath = "/localhost_16267"
		Release.AspNetCompiler.PhysicalPath = "04.ng-cloak解决闪屏\"
		Release.AspNetCompiler.TargetPath = "PrecompiledWeb\localhost_16267\"
		Release.AspNetCompiler.Updateable = "true"
		Release.AspNetCompiler.ForceOverwrite = "true"
		Release.AspNetCompiler.FixedNames = "false"
		Release.AspNetCompiler.Debug = "False"
		VWDPort = "16267"
		SlnRelativePath = "04.ng-cloak解决闪屏\"
		DefaultWebSiteLanguage = "Visual C#"
	EndProjectSection
EndProject
Project("{FAE04EC0-301F-11D3-BF4B-00C04F79EFBC}") = "Restful-API", "Restful-API\Restful-API.csproj", "{3DC6BAE9-D7B1-4B2F-9CCF-908C0CD60C77}"
EndProject
Project("{E24C65DC-7377-472B-9ABA-BC803B73C61A}") = "05.指令1", "05.指令1\", "{64CDA2D6-C2F2-4238-BC90-00FF713AC1D8}"
	ProjectSection(WebsiteProperties) = preProject
		TargetFrameworkMoniker = ".NETFramework,Version%3Dv4.5.2"
		Debug.AspNetCompiler.VirtualPath = "/localhost_6280"
		Debug.AspNetCompiler.PhysicalPath = "05.指令1\"
		Debug.AspNetCompiler.TargetPath = "PrecompiledWeb\localhost_6280\"
		Debug.AspNetCompiler.Updateable = "true"
		Debug.AspNetCompiler.ForceOverwrite = "true"
		Debug.AspNetCompiler.FixedNames = "false"
		Debug.AspNetCompiler.Debug = "True"
		Release.AspNetCompiler.VirtualPath = "/localhost_6280"
		Release.AspNetCompiler.PhysicalPath = "05.指令1\"
		Release.AspNetCompiler.TargetPath = "PrecompiledWeb\localhost_6280\"
		Release.AspNetCompiler.Updateable = "true"
		Release.AspNetCompiler.ForceOverwrite = "true"
		Release.AspNetCompiler.FixedNames = "false"
		Release.AspNetCompiler.Debug = "False"
		VWDPort = "6280"
		DefaultWebSiteLanguage = "Visual C#"
	EndProjectSection
EndProject
Project("{E24C65DC-7377-472B-9ABA-BC803B73C61A}") = "06.内置函数", "06.内置函数\", "{EABAE49B-0E9B-4FD5-AE59-59EAC0CBB172}"
	ProjectSection(WebsiteProperties) = preProject
		TargetFrameworkMoniker = ".NETFramework,Version%3Dv4.5.2"
		Debug.AspNetCompiler.VirtualPath = "/localhost_26813"
		Debug.AspNetCompiler.PhysicalPath = "06.内置函数\"
		Debug.AspNetCompiler.TargetPath = "PrecompiledWeb\localhost_26813\"
		Debug.AspNetCompiler.Updateable = "true"
		Debug.AspNetCompiler.ForceOverwrite = "true"
		Debug.AspNetCompiler.FixedNames = "false"
		Debug.AspNetCompiler.Debug = "True"
		Release.AspNetCompiler.VirtualPath = "/localhost_26813"
		Release.AspNetCompiler.PhysicalPath = "06.内置函数\"
		Release.AspNetCompiler.TargetPath = "PrecompiledWeb\localhost_26813\"
		Release.AspNetCompiler.Updateable = "true"
		Release.AspNetCompiler.ForceOverwrite = "true"
		Release.AspNetCompiler.FixedNames = "false"
		Release.AspNetCompiler.Debug = "False"
		VWDPort = "26813"
		DefaultWebSiteLanguage = "Visual C#"
	EndProjectSection
EndProject
Project("{E24C65DC-7377-472B-9ABA-BC803B73C61A}") = "07.详解ng-repeat指令", "07.详解ng-repeat指令\", "{E6ABD32C-96F2-4D67-AE2A-114544C7F271}"
	ProjectSection(WebsiteProperties) = preProject
		TargetFrameworkMoniker = ".NETFramework,Version%3Dv4.5.2"
		Debug.AspNetCompiler.VirtualPath = "/localhost_2765"
		Debug.AspNetCompiler.PhysicalPath = "07.详解ng-repeat指令\"
		Debug.AspNetCompiler.TargetPath = "PrecompiledWeb\localhost_2765\"
		Debug.AspNetCompiler.Updateable = "true"
		Debug.AspNetCompiler.ForceOverwrite = "true"
		Debug.AspNetCompiler.FixedNames = "false"
		Debug.AspNetCompiler.Debug = "True"
		Release.AspNetCompiler.VirtualPath = "/localhost_2765"
		Release.AspNetCompiler.PhysicalPath = "07.详解ng-repeat指令\"
		Release.AspNetCompiler.TargetPath = "PrecompiledWeb\localhost_2765\"
		Release.AspNetCompiler.Updateable = "true"
		Release.AspNetCompiler.ForceOverwrite = "true"
		Release.AspNetCompiler.FixedNames = "false"
		Release.AspNetCompiler.Debug = "False"
		VWDPort = "2765"
		DefaultWebSiteLanguage = "Visual C#"
	EndProjectSection
EndProject
Project("{E24C65DC-7377-472B-9ABA-BC803B73C61A}") = "08.指令2", "08.指令2\", "{8E961C87-BF62-4376-9FB4-54308D963756}"
	ProjectSection(WebsiteProperties) = preProject
		TargetFrameworkMoniker = ".NETFramework,Version%3Dv4.5.2"
		Debug.AspNetCompiler.VirtualPath = "/localhost_7226"
		Debug.AspNetCompiler.PhysicalPath = "08.指令2\"
		Debug.AspNetCompiler.TargetPath = "PrecompiledWeb\localhost_7226\"
		Debug.AspNetCompiler.Updateable = "true"
		Debug.AspNetCompiler.ForceOverwrite = "true"
		Debug.AspNetCompiler.FixedNames = "false"
		Debug.AspNetCompiler.Debug = "True"
		Release.AspNetCompiler.VirtualPath = "/localhost_7226"
		Release.AspNetCompiler.PhysicalPath = "08.指令2\"
		Release.AspNetCompiler.TargetPath = "PrecompiledWeb\localhost_7226\"
		Release.AspNetCompiler.Updateable = "true"
		Release.AspNetCompiler.ForceOverwrite = "true"
		Release.AspNetCompiler.FixedNames = "false"
		Release.AspNetCompiler.Debug = "False"
		VWDPort = "7226"
		DefaultWebSiteLanguage = "Visual C#"
	EndProjectSection
EndProject
Project("{E24C65DC-7377-472B-9ABA-BC803B73C61A}") = "09.过滤器", "09.过滤器\", "{A78B8BD3-5921-4A5D-A242-E43077E25B96}"
	ProjectSection(WebsiteProperties) = preProject
		TargetFrameworkMoniker = ".NETFramework,Version%3Dv4.5.2"
		Debug.AspNetCompiler.VirtualPath = "/localhost_28817"
		Debug.AspNetCompiler.PhysicalPath = "09.过滤器\"
		Debug.AspNetCompiler.TargetPath = "PrecompiledWeb\localhost_28817\"
		Debug.AspNetCompiler.Updateable = "true"
		Debug.AspNetCompiler.ForceOverwrite = "true"
		Debug.AspNetCompiler.FixedNames = "false"
		Debug.AspNetCompiler.Debug = "True"
		Release.AspNetCompiler.VirtualPath = "/localhost_28817"
		Release.AspNetCompiler.PhysicalPath = "09.过滤器\"
		Release.AspNetCompiler.TargetPath = "PrecompiledWeb\localhost_28817\"
		Release.AspNetCompiler.Updateable = "true"
		Release.AspNetCompiler.ForceOverwrite = "true"
		Release.AspNetCompiler.FixedNames = "false"
		Release.AspNetCompiler.Debug = "False"
		VWDPort = "28817"
		DefaultWebSiteLanguage = "Visual C#"
	EndProjectSection
EndProject
Project("{E24C65DC-7377-472B-9ABA-BC803B73C61A}") = "10.数据监听", "10.数据监听\", "{B2D1288D-583B-4108-9C6D-792B01340F3D}"
	ProjectSection(WebsiteProperties) = preProject
		TargetFrameworkMoniker = ".NETFramework,Version%3Dv4.5.2"
		Debug.AspNetCompiler.VirtualPath = "/localhost_36245"
		Debug.AspNetCompiler.PhysicalPath = "10.数据监听\"
		Debug.AspNetCompiler.TargetPath = "PrecompiledWeb\localhost_36245\"
		Debug.AspNetCompiler.Updateable = "true"
		Debug.AspNetCompiler.ForceOverwrite = "true"
		Debug.AspNetCompiler.FixedNames = "false"
		Debug.AspNetCompiler.Debug = "True"
		Release.AspNetCompiler.VirtualPath = "/localhost_36245"
		Release.AspNetCompiler.PhysicalPath = "10.数据监听\"
		Release.AspNetCompiler.TargetPath = "PrecompiledWeb\localhost_36245\"
		Release.AspNetCompiler.Updateable = "true"
		Release.AspNetCompiler.ForceOverwrite = "true"
		Release.AspNetCompiler.FixedNames = "false"
		Release.AspNetCompiler.Debug = "False"
		VWDPort = "36245"
		DefaultWebSiteLanguage = "Visual C#"
	EndProjectSection
EndProject
Project("{E24C65DC-7377-472B-9ABA-BC803B73C61A}") = "11.自定义指令", "11.自定义指令\", "{7D79C76E-4C42-45DC-B3D2-6EFE9C2ABAFA}"
	ProjectSection(WebsiteProperties) = preProject
		TargetFrameworkMoniker = ".NETFramework,Version%3Dv4.5.2"
		Debug.AspNetCompiler.VirtualPath = "/localhost_58811"
		Debug.AspNetCompiler.PhysicalPath = "11.自定义指令\"
		Debug.AspNetCompiler.TargetPath = "PrecompiledWeb\localhost_58811\"
		Debug.AspNetCompiler.Updateable = "true"
		Debug.AspNetCompiler.ForceOverwrite = "true"
		Debug.AspNetCompiler.FixedNames = "false"
		Debug.AspNetCompiler.Debug = "True"
		Release.AspNetCompiler.VirtualPath = "/localhost_58811"
		Release.AspNetCompiler.PhysicalPath = "11.自定义指令\"
		Release.AspNetCompiler.TargetPath = "PrecompiledWeb\localhost_58811\"
		Release.AspNetCompiler.Updateable = "true"
		Release.AspNetCompiler.ForceOverwrite = "true"
		Release.AspNetCompiler.FixedNames = "false"
		Release.AspNetCompiler.Debug = "False"
		VWDPort = "58811"
		DefaultWebSiteLanguage = "Visual C#"
	EndProjectSection
EndProject
Project("{E24C65DC-7377-472B-9ABA-BC803B73C61A}") = "12.自定义指令隔离作用域", "12.自定义指令隔离作用域\", "{FFA551A0-8A0F-4C13-A87E-B0656C975D2D}"
	ProjectSection(WebsiteProperties) = preProject
		TargetFrameworkMoniker = ".NETFramework,Version%3Dv4.0"
		Debug.AspNetCompiler.VirtualPath = "/localhost_36181"
		Debug.AspNetCompiler.PhysicalPath = "12.自定义指令隔离作用域\"
		Debug.AspNetCompiler.TargetPath = "PrecompiledWeb\localhost_36181\"
		Debug.AspNetCompiler.Updateable = "true"
		Debug.AspNetCompiler.ForceOverwrite = "true"
		Debug.AspNetCompiler.FixedNames = "false"
		Debug.AspNetCompiler.Debug = "True"
		Release.AspNetCompiler.VirtualPath = "/localhost_36181"
		Release.AspNetCompiler.PhysicalPath = "12.自定义指令隔离作用域\"
		Release.AspNetCompiler.TargetPath = "PrecompiledWeb\localhost_36181\"
		Release.AspNetCompiler.Updateable = "true"
		Release.AspNetCompiler.ForceOverwrite = "true"
		Release.AspNetCompiler.FixedNames = "false"
		Release.AspNetCompiler.Debug = "False"
		VWDPort = "36181"
	EndProjectSection
EndProject
Project("{E24C65DC-7377-472B-9ABA-BC803B73C61A}") = "13.服务", "13.服务\", "{4A8FD4A6-105F-4FD7-A065-C61D2E0145E6}"
	ProjectSection(WebsiteProperties) = preProject
		TargetFrameworkMoniker = ".NETFramework,Version%3Dv4.5.2"
		Debug.AspNetCompiler.VirtualPath = "/localhost_10748"
		Debug.AspNetCompiler.PhysicalPath = "13.服务\"
		Debug.AspNetCompiler.TargetPath = "PrecompiledWeb\localhost_10748\"
		Debug.AspNetCompiler.Updateable = "true"
		Debug.AspNetCompiler.ForceOverwrite = "true"
		Debug.AspNetCompiler.FixedNames = "false"
		Debug.AspNetCompiler.Debug = "True"
		Release.AspNetCompiler.VirtualPath = "/localhost_10748"
		Release.AspNetCompiler.PhysicalPath = "13.服务\"
		Release.AspNetCompiler.TargetPath = "PrecompiledWeb\localhost_10748\"
		Release.AspNetCompiler.Updateable = "true"
		Release.AspNetCompiler.ForceOverwrite = "true"
		Release.AspNetCompiler.FixedNames = "false"
		Release.AspNetCompiler.Debug = "False"
		VWDPort = "10748"
		DefaultWebSiteLanguage = "Visual C#"
	EndProjectSection
EndProject
Project("{E24C65DC-7377-472B-9ABA-BC803B73C61A}") = "14.自定义服务", "14.自定义服务\", "{FDEC6E64-F2CD-4798-8793-F98115DAF81E}"
	ProjectSection(WebsiteProperties) = preProject
		TargetFrameworkMoniker = ".NETFramework,Version%3Dv4.5.2"
		Debug.AspNetCompiler.VirtualPath = "/localhost_5656"
		Debug.AspNetCompiler.PhysicalPath = "14.自定义服务\"
		Debug.AspNetCompiler.TargetPath = "PrecompiledWeb\localhost_5656\"
		Debug.AspNetCompiler.Updateable = "true"
		Debug.AspNetCompiler.ForceOverwrite = "true"
		Debug.AspNetCompiler.FixedNames = "false"
		Debug.AspNetCompiler.Debug = "True"
		Release.AspNetCompiler.VirtualPath = "/localhost_5656"
		Release.AspNetCompiler.PhysicalPath = "14.自定义服务\"
		Release.AspNetCompiler.TargetPath = "PrecompiledWeb\localhost_5656\"
		Release.AspNetCompiler.Updateable = "true"
		Release.AspNetCompiler.ForceOverwrite = "true"
		Release.AspNetCompiler.FixedNames = "false"
		Release.AspNetCompiler.Debug = "False"
		VWDPort = "5656"
		DefaultWebSiteLanguage = "Visual C#"
	EndProjectSection
EndProject
Project("{E24C65DC-7377-472B-9ABA-BC803B73C61A}") = "15.路由", "15.路由\", "{41338CD4-FEB5-4A7F-84BF-34C1FCC5CEDC}"
	ProjectSection(WebsiteProperties) = preProject
		TargetFrameworkMoniker = ".NETFramework,Version%3Dv4.5.2"
		Debug.AspNetCompiler.VirtualPath = "/localhost_8281"
		Debug.AspNetCompiler.PhysicalPath = "15.路由\"
		Debug.AspNetCompiler.TargetPath = "PrecompiledWeb\localhost_8281\"
		Debug.AspNetCompiler.Updateable = "true"
		Debug.AspNetCompiler.ForceOverwrite = "true"
		Debug.AspNetCompiler.FixedNames = "false"
		Debug.AspNetCompiler.Debug = "True"
		Release.AspNetCompiler.VirtualPath = "/localhost_8281"
		Release.AspNetCompiler.PhysicalPath = "15.路由\"
		Release.AspNetCompiler.TargetPath = "PrecompiledWeb\localhost_8281\"
		Release.AspNetCompiler.Updateable = "true"
		Release.AspNetCompiler.ForceOverwrite = "true"
		Release.AspNetCompiler.FixedNames = "false"
		Release.AspNetCompiler.Debug = "False"
		VWDPort = "8281"
		DefaultWebSiteLanguage = "Visual C#"
	EndProjectSection
EndProject
Global
	GlobalSection(SolutionConfigurationPlatforms) = preSolution
		Debug|Any CPU = Debug|Any CPU
		Release|Any CPU = Release|Any CPU
	EndGlobalSection
	GlobalSection(ProjectConfigurationPlatforms) = postSolution
		{4577238A-D770-4DF4-98B1-C1250071C9C5}.Debug|Any CPU.ActiveCfg = Debug|Any CPU
		{4577238A-D770-4DF4-98B1-C1250071C9C5}.Debug|Any CPU.Build.0 = Debug|Any CPU
		{4577238A-D770-4DF4-98B1-C1250071C9C5}.Release|Any CPU.ActiveCfg = Debug|Any CPU
		{4577238A-D770-4DF4-98B1-C1250071C9C5}.Release|Any CPU.Build.0 = Debug|Any CPU
		{7FCC13EF-F3B7-47AE-94D5-E5C00792AB5D}.Debug|Any CPU.ActiveCfg = Debug|Any CPU
		{7FCC13EF-F3B7-47AE-94D5-E5C00792AB5D}.Debug|Any CPU.Build.0 = Debug|Any CPU
		{7FCC13EF-F3B7-47AE-94D5-E5C00792AB5D}.Release|Any CPU.ActiveCfg = Debug|Any CPU
		{7FCC13EF-F3B7-47AE-94D5-E5C00792AB5D}.Release|Any CPU.Build.0 = Debug|Any CPU
		{8337D4BD-4FB7-4D30-9575-7818262FC189}.Debug|Any CPU.ActiveCfg = Debug|Any CPU
		{8337D4BD-4FB7-4D30-9575-7818262FC189}.Debug|Any CPU.Build.0 = Debug|Any CPU
		{8337D4BD-4FB7-4D30-9575-7818262FC189}.Release|Any CPU.ActiveCfg = Debug|Any CPU
		{8337D4BD-4FB7-4D30-9575-7818262FC189}.Release|Any CPU.Build.0 = Debug|Any CPU
		{3DC6BAE9-D7B1-4B2F-9CCF-908C0CD60C77}.Debug|Any CPU.ActiveCfg = Debug|Any CPU
		{3DC6BAE9-D7B1-4B2F-9CCF-908C0CD60C77}.Debug|Any CPU.Build.0 = Debug|Any CPU
		{3DC6BAE9-D7B1-4B2F-9CCF-908C0CD60C77}.Release|Any CPU.ActiveCfg = Release|Any CPU
		{3DC6BAE9-D7B1-4B2F-9CCF-908C0CD60C77}.Release|Any CPU.Build.0 = Release|Any CPU
		{64CDA2D6-C2F2-4238-BC90-00FF713AC1D8}.Debug|Any CPU.ActiveCfg = Debug|Any CPU
		{64CDA2D6-C2F2-4238-BC90-00FF713AC1D8}.Debug|Any CPU.Build.0 = Debug|Any CPU
		{64CDA2D6-C2F2-4238-BC90-00FF713AC1D8}.Release|Any CPU.ActiveCfg = Debug|Any CPU
		{64CDA2D6-C2F2-4238-BC90-00FF713AC1D8}.Release|Any CPU.Build.0 = Debug|Any CPU
		{EABAE49B-0E9B-4FD5-AE59-59EAC0CBB172}.Debug|Any CPU.ActiveCfg = Debug|Any CPU
		{EABAE49B-0E9B-4FD5-AE59-59EAC0CBB172}.Debug|Any CPU.Build.0 = Debug|Any CPU
		{EABAE49B-0E9B-4FD5-AE59-59EAC0CBB172}.Release|Any CPU.ActiveCfg = Debug|Any CPU
		{EABAE49B-0E9B-4FD5-AE59-59EAC0CBB172}.Release|Any CPU.Build.0 = Debug|Any CPU
		{E6ABD32C-96F2-4D67-AE2A-114544C7F271}.Debug|Any CPU.ActiveCfg = Debug|Any CPU
		{E6ABD32C-96F2-4D67-AE2A-114544C7F271}.Debug|Any CPU.Build.0 = Debug|Any CPU
		{E6ABD32C-96F2-4D67-AE2A-114544C7F271}.Release|Any CPU.ActiveCfg = Debug|Any CPU
		{E6ABD32C-96F2-4D67-AE2A-114544C7F271}.Release|Any CPU.Build.0 = Debug|Any CPU
		{8E961C87-BF62-4376-9FB4-54308D963756}.Debug|Any CPU.ActiveCfg = Debug|Any CPU
		{8E961C87-BF62-4376-9FB4-54308D963756}.Debug|Any CPU.Build.0 = Debug|Any CPU
		{8E961C87-BF62-4376-9FB4-54308D963756}.Release|Any CPU.ActiveCfg = Debug|Any CPU
		{8E961C87-BF62-4376-9FB4-54308D963756}.Release|Any CPU.Build.0 = Debug|Any CPU
		{A78B8BD3-5921-4A5D-A242-E43077E25B96}.Debug|Any CPU.ActiveCfg = Debug|Any CPU
		{A78B8BD3-5921-4A5D-A242-E43077E25B96}.Debug|Any CPU.Build.0 = Debug|Any CPU
		{A78B8BD3-5921-4A5D-A242-E43077E25B96}.Release|Any CPU.ActiveCfg = Debug|Any CPU
		{A78B8BD3-5921-4A5D-A242-E43077E25B96}.Release|Any CPU.Build.0 = Debug|Any CPU
		{B2D1288D-583B-4108-9C6D-792B01340F3D}.Debug|Any CPU.ActiveCfg = Debug|Any CPU
		{B2D1288D-583B-4108-9C6D-792B01340F3D}.Debug|Any CPU.Build.0 = Debug|Any CPU
		{B2D1288D-583B-4108-9C6D-792B01340F3D}.Release|Any CPU.ActiveCfg = Debug|Any CPU
		{B2D1288D-583B-4108-9C6D-792B01340F3D}.Release|Any CPU.Build.0 = Debug|Any CPU
		{7D79C76E-4C42-45DC-B3D2-6EFE9C2ABAFA}.Debug|Any CPU.ActiveCfg = Debug|Any CPU
		{7D79C76E-4C42-45DC-B3D2-6EFE9C2ABAFA}.Debug|Any CPU.Build.0 = Debug|Any CPU
		{7D79C76E-4C42-45DC-B3D2-6EFE9C2ABAFA}.Release|Any CPU.ActiveCfg = Debug|Any CPU
		{7D79C76E-4C42-45DC-B3D2-6EFE9C2ABAFA}.Release|Any CPU.Build.0 = Debug|Any CPU
		{FFA551A0-8A0F-4C13-A87E-B0656C975D2D}.Debug|Any CPU.ActiveCfg = Debug|Any CPU
		{FFA551A0-8A0F-4C13-A87E-B0656C975D2D}.Debug|Any CPU.Build.0 = Debug|Any CPU
		{FFA551A0-8A0F-4C13-A87E-B0656C975D2D}.Release|Any CPU.ActiveCfg = Debug|Any CPU
		{FFA551A0-8A0F-4C13-A87E-B0656C975D2D}.Release|Any CPU.Build.0 = Debug|Any CPU
		{4A8FD4A6-105F-4FD7-A065-C61D2E0145E6}.Debug|Any CPU.ActiveCfg = Debug|Any CPU
		{4A8FD4A6-105F-4FD7-A065-C61D2E0145E6}.Debug|Any CPU.Build.0 = Debug|Any CPU
		{4A8FD4A6-105F-4FD7-A065-C61D2E0145E6}.Release|Any CPU.ActiveCfg = Debug|Any CPU
		{4A8FD4A6-105F-4FD7-A065-C61D2E0145E6}.Release|Any CPU.Build.0 = Debug|Any CPU
		{FDEC6E64-F2CD-4798-8793-F98115DAF81E}.Debug|Any CPU.ActiveCfg = Debug|Any CPU
		{FDEC6E64-F2CD-4798-8793-F98115DAF81E}.Debug|Any CPU.Build.0 = Debug|Any CPU
		{FDEC6E64-F2CD-4798-8793-F98115DAF81E}.Release|Any CPU.ActiveCfg = Debug|Any CPU
		{FDEC6E64-F2CD-4798-8793-F98115DAF81E}.Release|Any CPU.Build.0 = Debug|Any CPU
		{41338CD4-FEB5-4A7F-84BF-34C1FCC5CEDC}.Debug|Any CPU.ActiveCfg = Debug|Any CPU
		{41338CD4-FEB5-4A7F-84BF-34C1FCC5CEDC}.Debug|Any CPU.Build.0 = Debug|Any CPU
		{41338CD4-FEB5-4A7F-84BF-34C1FCC5CEDC}.Release|Any CPU.ActiveCfg = Debug|Any CPU
		{41338CD4-FEB5-4A7F-84BF-34C1FCC5CEDC}.Release|Any CPU.Build.0 = Debug|Any CPU
	EndGlobalSection
	GlobalSection(SolutionProperties) = preSolution
		HideSolutionNode = FALSE
	EndGlobalSection
EndGlobal
